<?xml version="1.0" encoding="utf-8"?>
<Project ToolsVersion="4.0" xmlns="http://schemas.microsoft.com/developer/msbuild/2003">
  <ItemGroup>
    <Filter Include="Исходные файлы">
      <UniqueIdentifier>{4FC737F1-C7A5-4376-A066-2A32D752A2FF}</UniqueIdentifier>
      <Extensions>cpp;c;cc;cxx;c++;cppm;ixx;def;odl;idl;hpj;bat;asm;asmx</Extensions>
    </Filter>
    <Filter Include="Файлы заголовков">
      <UniqueIdentifier>{93995380-89BD-4b04-88EB-625FBE52EBFB}</UniqueIdentifier>
      <Extensions>h;hh;hpp;hxx;h++;hm;inl;inc;ipp;xsd</Extensions>
    </Filter>
    <Filter Include="Файлы ресурсов">
      <UniqueIdentifier>{67DA6AB6-F800-4c08-8B7A-83BB121AAD01}</UniqueIdentifier>
      <Extensions>rc;ico;cur;bmp;dlg;rc2;rct;bin;rgs;gif;jpg;jpeg;jpe;resx;tiff;tif;png;wav;mfcribbon-ms</Extensions>
    </Filter>
    <Filter Include="Исходные файлы\Service">
      <UniqueIdentifier>{f2782a00-1f51-4175-ae27-bb34b42768f9}</UniqueIdentifier>
    </Filter>
    <Filter Include="Файлы заголовков\Service">
      <UniqueIdentifier>{579f9902-4dba-4223-b7c0-9fb5004e091a}</UniqueIdentifier>
    </Filter>
  </ItemGroup>
  <ItemGroup>
    <ClCompile Include="Source.cpp">
      <Filter>Исходные файлы</Filter>
    </ClCompile>
    <ClCompile Include="schrodingerData.cpp">
      <Filter>Исходные файлы</Filter>
    </ClCompile>
    <ClCompile Include="FileWorker.cpp">
      <Filter>Исходные файлы</Filter>
    </ClCompile>
    <ClCompile Include="ScanEngen.cpp">
      <Filter>Исходные файлы</Filter>
    </ClCompile>
    <ClCompile Include="Monitor.cpp">
      <Filter>Исходные файлы</Filter>
    </ClCompile>
    <ClCompile Include="Schedule.cpp">
      <Filter>Исходные файлы</Filter>
    </ClCompile>
    <ClCompile Include="timeStruct.cpp">
      <Filter>Исходные файлы</Filter>
    </ClCompile>
    <ClCompile Include="_service\AntimalwareService.cpp">
      <Filter>Исходные файлы\Service</Filter>
    </ClCompile>
    <ClCompile Include="_service\Service.cpp">
      <Filter>Исходные файлы\Service</Filter>
    </ClCompile>
    <ClCompile Include="_service\ServiceManager.cpp">
      <Filter>Исходные файлы\Service</Filter>
    </ClCompile>
    <ClCompile Include="main.cpp">
      <Filter>Исходные файлы</Filter>
    </ClCompile>
    <ClCompile Include="ModulesSrializer.cpp">
      <Filter>Исходные файлы</Filter>
    </ClCompile>
    <ClCompile Include="_service\ServiceInitializer.cpp">
      <Filter>Исходные файлы</Filter>
    </ClCompile>
  </ItemGroup>
  <ItemGroup>
    <ClInclude Include="schrodingerData.h">
      <Filter>Файлы заголовков</Filter>
    </ClInclude>
    <ClInclude Include="FileWorker.h">
      <Filter>Файлы заголовков</Filter>
    </ClInclude>
    <ClInclude Include="ScanEngen.h">
      <Filter>Файлы заголовков</Filter>
    </ClInclude>
    <ClInclude Include="ScanObject.h">
      <Filter>Файлы заголовков</Filter>
    </ClInclude>
    <ClInclude Include="Monitor.h">
      <Filter>Файлы заголовков</Filter>
    </ClInclude>
    <ClInclude Include="Schedule.h">
      <Filter>Файлы заголовков</Filter>
    </ClInclude>
    <ClInclude Include="timeStruct.h">
      <Filter>Файлы заголовков</Filter>
    </ClInclude>
    <ClInclude Include="_service\AntimalwareService.h">
      <Filter>Файлы заголовков\Service</Filter>
    </ClInclude>
    <ClInclude Include="_service\Service.h">
      <Filter>Файлы заголовков\Service</Filter>
    </ClInclude>
    <ClInclude Include="_service\ServiceInitializer.h">
      <Filter>Файлы заголовков\Service</Filter>
    </ClInclude>
    <ClInclude Include="_service\ServiceManager.h">
      <Filter>Файлы заголовков\Service</Filter>
    </ClInclude>
    <ClInclude Include="ModulesSrializer.h">
      <Filter>Файлы заголовков</Filter>
    </ClInclude>
  </ItemGroup>
</Project>